# THIS IS AN AUTOGENERATED FILE. DO NOT EDIT THIS FILE DIRECTLY.
# yarn lockfile v1


axios@^0.24.0:
  version "0.24.0"
  resolved "https://registry.yarnpkg.com/axios/-/axios-0.24.0.tgz#804e6fa1e4b9c5288501dd9dff56a7a0940d20d6"
  integrity sha512-Q6cWsys88HoPgAaFAVUb0WpPk0O8iTeisR9IMqy9G8AbO4NlpVknrnQS03zzF9PGAWgO3cgletO3VjV/P7VztA==
  dependencies:
    follow-redirects "^1.14.4"

cli-spinner@^0.2.10:
  version "0.2.10"
  resolved "https://registry.yarnpkg.com/cli-spinner/-/cli-spinner-0.2.10.tgz#f7d617a36f5c47a7bc6353c697fc9338ff782a47"
  integrity sha512-U0sSQ+JJvSLi1pAYuJykwiA8Dsr15uHEy85iCJ6A+0DjVxivr3d+N2Wjvodeg89uP5K6TswFkKBfAD7B3YSn/Q==

dotenv@^12.0.3:
  version "12.0.3"
  resolved "https://registry.yarnpkg.com/dotenv/-/dotenv-12.0.3.tgz#362b83f866dfed8e540deaa5bbcb3c8ab401dcb6"
  integrity sha512-RlOysyzyGiABgDFgITo5fRnMV1QStdoVvkXhnxQc5Or/CiQo52s2Bh6DVMvzZsmFQ9IrNxYHOC/gdpNwHsitnQ==

follow-redirects@^1.14.4:
  version "1.14.7"
  resolved "https://registry.yarnpkg.com/follow-redirects/-/follow-redirects-1.14.7.tgz#2004c02eb9436eee9a21446a6477debf17e81685"
  integrity sha512-+hbxoLbFMbRKDwohX8GkTataGqO6Jb7jGwpAlwgy2bIz25XtRm7KEzJM76R1WiNT5SwZkX4Y75SwBolkpmE7iQ==
